
Microsoft Visual Studio Solution File, Format Version 12.00
# Visual Studio Version 17
VisualStudioVersion = 17.7.34031.279
MinimumVisualStudioVersion = 10.0.40219.1
Project("{9A19103F-16F7-4668-BE54-9A1E7A4F7556}") = "QMS", "QMS.csproj", "{CE27CAA5-165F-4E38-AE43-046442C2C853}"
EndProject
Global
	GlobalSection(SolutionConfigurationPlatforms) = preSolution
		Debug|Any CPU = Debug|Any CPU
		Release|Any CPU = Release|Any CPU
	EndGlobalSection
	GlobalSection(ProjectConfigurationPlatforms) = postSolution
		{CE27CAA5-165F-4E38-AE43-046442C2C853}.Debug|Any CPU.ActiveCfg = Debug|Any CPU
		{CE27CAA5-165F-4E38-AE43-046442C2C853}.Debug|Any CPU.Build.0 = Debug|Any CPU
		{CE27CAA5-165F-4E38-AE43-046442C2C853}.Release|Any CPU.ActiveCfg = Release|Any CPU
		{CE27CAA5-165F-4E38-AE43-046442C2C853}.Release|Any CPU.Build.0 = Release|Any CPU
	EndGlobalSection
	GlobalSection(SolutionProperties) = preSolution
		HideSolutionNode = FALSE
	EndGlobalSection
	GlobalSection(ExtensibilityGlobals) = postSolution
		SolutionGuid = {A2B72476-961D-4AAF-AF6A-D674E4049C4F}
	EndGlobalSection
EndGlobal
